
Microsoft Visual Studio Solution File, Format Version 12.00
# Visual Studio Version 16
VisualStudioVersion = 16.0.30204.135
MinimumVisualStudioVersion = 10.0.40219.1
Project("{FAE04EC0-301F-11D3-BF4B-00C04F79EFBC}") = "MyEcommerce", "MyEcommerce\MyEcommerce.csproj", "{763986B4-10D0-4146-9E43-62D00F1E6014}"
EndProject
Project("{FAE04EC0-301F-11D3-BF4B-00C04F79EFBC}") = "Domains", "Domains\Domains.csproj", "{9646371B-B2B2-4E4E-AA81-A14A49D33243}"
EndProject
Global
	GlobalSection(SolutionConfigurationPlatforms) = preSolution
		Debug|Any CPU = Debug|Any CPU
		Release|Any CPU = Release|Any CPU
	EndGlobalSection
	GlobalSection(ProjectConfigurationPlatforms) = postSolution
		{763986B4-10D0-4146-9E43-62D00F1E6014}.Debug|Any CPU.ActiveCfg = Debug|Any CPU
		{763986B4-10D0-4146-9E43-62D00F1E6014}.Debug|Any CPU.Build.0 = Debug|Any CPU
		{763986B4-10D0-4146-9E43-62D00F1E6014}.Release|Any CPU.ActiveCfg = Release|Any CPU
		{763986B4-10D0-4146-9E43-62D00F1E6014}.Release|Any CPU.Build.0 = Release|Any CPU
		{9646371B-B2B2-4E4E-AA81-A14A49D33243}.Debug|Any CPU.ActiveCfg = Debug|Any CPU
		{9646371B-B2B2-4E4E-AA81-A14A49D33243}.Debug|Any CPU.Build.0 = Debug|Any CPU
		{9646371B-B2B2-4E4E-AA81-A14A49D33243}.Release|Any CPU.ActiveCfg = Release|Any CPU
		{9646371B-B2B2-4E4E-AA81-A14A49D33243}.Release|Any CPU.Build.0 = Release|Any CPU
	EndGlobalSection
	GlobalSection(SolutionProperties) = preSolution
		HideSolutionNode = FALSE
	EndGlobalSection
	GlobalSection(ExtensibilityGlobals) = postSolution
		SolutionGuid = {C5E47811-6EAE-420F-A6E3-BE4D9107F004}
	EndGlobalSection
EndGlobal
